
Microsoft Visual Studio Solution File, Format Version 12.00
# Visual Studio Version 17
VisualStudioVersion = 17.0.31903.59
MinimumVisualStudioVersion = 10.0.40219.1
Project("{FAE04EC0-301F-11D3-BF4B-00C04F79EFBC}") = "App_Console_Banque_TD", "App_Console_Banque_TD\App_Console_Banque_TD.csproj", "{1CBD4763-A4FC-4732-8BC6-BC34DBEED7CA}"
EndProject
Global
	GlobalSection(SolutionConfigurationPlatforms) = preSolution
		Debug|Any CPU = Debug|Any CPU
		Release|Any CPU = Release|Any CPU
	EndGlobalSection
	GlobalSection(SolutionProperties) = preSolution
		HideSolutionNode = FALSE
	EndGlobalSection
	GlobalSection(ProjectConfigurationPlatforms) = postSolution
		{1CBD4763-A4FC-4732-8BC6-BC34DBEED7CA}.Debug|Any CPU.ActiveCfg = Debug|Any CPU
		{1CBD4763-A4FC-4732-8BC6-BC34DBEED7CA}.Debug|Any CPU.Build.0 = Debug|Any CPU
		{1CBD4763-A4FC-4732-8BC6-BC34DBEED7CA}.Release|Any CPU.ActiveCfg = Release|Any CPU
		{1CBD4763-A4FC-4732-8BC6-BC34DBEED7CA}.Release|Any CPU.Build.0 = Release|Any CPU
	EndGlobalSection
EndGlobal
